
Microsoft Visual Studio Solution File, Format Version 12.00
# Visual Studio Version 17
VisualStudioVersion = 17.2.32630.192
MinimumVisualStudioVersion = 10.0.40219.1
Project("{9A19103F-16F7-4668-BE54-9A1E7A4F7556}") = "Ratings", "Ratings.csproj", "{4419EB87-BBC5-45AC-96B5-8CD79134C6EA}"
EndProject
Global
	GlobalSection(SolutionConfigurationPlatforms) = preSolution
		Debug|Any CPU = Debug|Any CPU
		Release|Any CPU = Release|Any CPU
	EndGlobalSection
	GlobalSection(ProjectConfigurationPlatforms) = postSolution
		{4419EB87-BBC5-45AC-96B5-8CD79134C6EA}.Debug|Any CPU.ActiveCfg = Debug|Any CPU
		{4419EB87-BBC5-45AC-96B5-8CD79134C6EA}.Debug|Any CPU.Build.0 = Debug|Any CPU
		{4419EB87-BBC5-45AC-96B5-8CD79134C6EA}.Release|Any CPU.ActiveCfg = Release|Any CPU
		{4419EB87-BBC5-45AC-96B5-8CD79134C6EA}.Release|Any CPU.Build.0 = Release|Any CPU
	EndGlobalSection
	GlobalSection(SolutionProperties) = preSolution
		HideSolutionNode = FALSE
	EndGlobalSection
	GlobalSection(ExtensibilityGlobals) = postSolution
		SolutionGuid = {B506CDCA-5391-4414-B1A4-AF4FBF7D8580}
	EndGlobalSection
EndGlobal
